
Microsoft Visual Studio Solution File, Format Version 12.00
# Visual Studio 14
VisualStudioVersion = 14.0.25420.1
MinimumVisualStudioVersion = 10.0.40219.1
Project("{FAE04EC0-301F-11D3-BF4B-00C04F79EFBC}") = "LM.Utilities", "LM.Utilities\LM.Utilities.csproj", "{F505C7D7-79D5-4568-95DB-AEAAB0472BE2}"
EndProject
Project("{FAE04EC0-301F-11D3-BF4B-00C04F79EFBC}") = "LM.Utilites.Samples", "LM.Utilities.Tests\LM.Utilites.Samples.csproj", "{BE3A08C0-6C34-4307-93CE-28D6B429CC2E}"
EndProject
Global
	GlobalSection(SolutionConfigurationPlatforms) = preSolution
		Debug|Any CPU = Debug|Any CPU
		Release|Any CPU = Release|Any CPU
	EndGlobalSection
	GlobalSection(ProjectConfigurationPlatforms) = postSolution
		{F505C7D7-79D5-4568-95DB-AEAAB0472BE2}.Debug|Any CPU.ActiveCfg = Debug|Any CPU
		{F505C7D7-79D5-4568-95DB-AEAAB0472BE2}.Debug|Any CPU.Build.0 = Debug|Any CPU
		{F505C7D7-79D5-4568-95DB-AEAAB0472BE2}.Release|Any CPU.ActiveCfg = Release|Any CPU
		{F505C7D7-79D5-4568-95DB-AEAAB0472BE2}.Release|Any CPU.Build.0 = Release|Any CPU
		{BE3A08C0-6C34-4307-93CE-28D6B429CC2E}.Debug|Any CPU.ActiveCfg = Debug|Any CPU
		{BE3A08C0-6C34-4307-93CE-28D6B429CC2E}.Debug|Any CPU.Build.0 = Debug|Any CPU
		{BE3A08C0-6C34-4307-93CE-28D6B429CC2E}.Release|Any CPU.ActiveCfg = Release|Any CPU
		{BE3A08C0-6C34-4307-93CE-28D6B429CC2E}.Release|Any CPU.Build.0 = Release|Any CPU
	EndGlobalSection
	GlobalSection(SolutionProperties) = preSolution
		HideSolutionNode = FALSE
	EndGlobalSection
EndGlobal
